
Microsoft Visual Studio Solution File, Format Version 12.00
# Visual Studio 2015
Project("{FAE04EC0-301F-11D3-BF4B-00C04F79EFBC}") = "TacticsRPG.CSharp", "TacticsRPG.CSharp.csproj", "{252A73E1-FBC5-AA0A-DAE0-C886C1171203}"
EndProject
Project("{FAE04EC0-301F-11D3-BF4B-00C04F79EFBC}") = "TacticsRPG.CSharp.Editor", "TacticsRPG.CSharp.Editor.csproj", "{8B40302B-2D6A-1414-E860-FF58F9B5F5D7}"
EndProject
Global
	GlobalSection(SolutionConfigurationPlatforms) = preSolution
		Debug|Any CPU = Debug|Any CPU
		Release|Any CPU = Release|Any CPU
	EndGlobalSection
	GlobalSection(ProjectConfigurationPlatforms) = postSolution
		{252A73E1-FBC5-AA0A-DAE0-C886C1171203}.Debug|Any CPU.ActiveCfg = Debug|Any CPU
		{252A73E1-FBC5-AA0A-DAE0-C886C1171203}.Debug|Any CPU.Build.0 = Debug|Any CPU
		{252A73E1-FBC5-AA0A-DAE0-C886C1171203}.Release|Any CPU.ActiveCfg = Release|Any CPU
		{252A73E1-FBC5-AA0A-DAE0-C886C1171203}.Release|Any CPU.Build.0 = Release|Any CPU
		{8B40302B-2D6A-1414-E860-FF58F9B5F5D7}.Debug|Any CPU.ActiveCfg = Debug|Any CPU
		{8B40302B-2D6A-1414-E860-FF58F9B5F5D7}.Debug|Any CPU.Build.0 = Debug|Any CPU
		{8B40302B-2D6A-1414-E860-FF58F9B5F5D7}.Release|Any CPU.ActiveCfg = Release|Any CPU
		{8B40302B-2D6A-1414-E860-FF58F9B5F5D7}.Release|Any CPU.Build.0 = Release|Any CPU
	EndGlobalSection
	GlobalSection(SolutionProperties) = preSolution
		HideSolutionNode = FALSE
	EndGlobalSection
EndGlobal
